
Microsoft Visual Studio Solution File, Format Version 12.00
# Visual Studio Version 17
VisualStudioVersion = 17.10.35201.131
MinimumVisualStudioVersion = 10.0.40219.1
Project("{FAE04EC0-301F-11D3-BF4B-00C04F79EFBC}") = "Assembly-CSharp", "Assembly-CSharp.csproj", "{D6073326-3103-C676-4520-DC29E16A6978}"
EndProject
Global
	GlobalSection(SolutionConfigurationPlatforms) = preSolution
		Debug|Any CPU = Debug|Any CPU
		Release|Any CPU = Release|Any CPU
	EndGlobalSection
	GlobalSection(ProjectConfigurationPlatforms) = postSolution
		{D6073326-3103-C676-4520-DC29E16A6978}.Debug|Any CPU.ActiveCfg = Debug|Any CPU
		{D6073326-3103-C676-4520-DC29E16A6978}.Debug|Any CPU.Build.0 = Debug|Any CPU
		{D6073326-3103-C676-4520-DC29E16A6978}.Release|Any CPU.ActiveCfg = Release|Any CPU
		{D6073326-3103-C676-4520-DC29E16A6978}.Release|Any CPU.Build.0 = Release|Any CPU
	EndGlobalSection
	GlobalSection(SolutionProperties) = preSolution
		HideSolutionNode = FALSE
	EndGlobalSection
	GlobalSection(ExtensibilityGlobals) = postSolution
		SolutionGuid = {77745A44-DD1A-4265-A57C-9051FFBCC7D5}
	EndGlobalSection
EndGlobal
